// !$*UTF8*$!
{
	archiveVersion = 1;
	classes = {
	};
	objectVersion = 55;
	objects = {

/* Begin PBXBuildFile section */
		B8BA6FFA282C1EB900F5C473 /* AppDelegate.swift in Sources */ = {isa = PBXBuildFile; fileRef = B8BA6FF9282C1EB900F5C473 /* AppDelegate.swift */; };
		B8BA6FFC282C1EB900F5C473 /* SceneDelegate.swift in Sources */ = {isa = PBXBuildFile; fileRef = B8BA6FFB282C1EB900F5C473 /* SceneDelegate.swift */; };
		B8BA6FFE282C1EB900F5C473 /* HomeViewController.swift in Sources */ = {isa = PBXBuildFile; fileRef = B8BA6FFD282C1EB900F5C473 /* HomeViewController.swift */; };
		B8BA7001282C1EB900F5C473 /* Main.storyboard in Resources */ = {isa = PBXBuildFile; fileRef = B8BA6FFF282C1EB900F5C473 /* Main.storyboard */; };
		B8BA7003282C1EBA00F5C473 /* Assets.xcassets in Resources */ = {isa = PBXBuildFile; fileRef = B8BA7002282C1EBA00F5C473 /* Assets.xcassets */; };
		B8BA7006282C1EBA00F5C473 /* LaunchScreen.storyboard in Resources */ = {isa = PBXBuildFile; fileRef = B8BA7004282C1EBA00F5C473 /* LaunchScreen.storyboard */; };
		B8BA7011282C1EBA00F5C473 /* MyHotelsTests.swift in Sources */ = {isa = PBXBuildFile; fileRef = B8BA7010282C1EBA00F5C473 /* MyHotelsTests.swift */; };
		B8BA701B282C1EBA00F5C473 /* MyHotelsUITests.swift in Sources */ = {isa = PBXBuildFile; fileRef = B8BA701A282C1EBA00F5C473 /* MyHotelsUITests.swift */; };
		B8BA701D282C1EBA00F5C473 /* MyHotelsUITestsLaunchTests.swift in Sources */ = {isa = PBXBuildFile; fileRef = B8BA701C282C1EBA00F5C473 /* MyHotelsUITestsLaunchTests.swift */; };
		B8BA702E282C2AD600F5C473 /* HomeViewModel.swift in Sources */ = {isa = PBXBuildFile; fileRef = B8BA702D282C2AD600F5C473 /* HomeViewModel.swift */; };
		B8BA7030282C2AF900F5C473 /* MapViewController.swift in Sources */ = {isa = PBXBuildFile; fileRef = B8BA702F282C2AF900F5C473 /* MapViewController.swift */; };
		B8BA7032282C2B5700F5C473 /* MapViewModel.swift in Sources */ = {isa = PBXBuildFile; fileRef = B8BA7031282C2B5700F5C473 /* MapViewModel.swift */; };
		B8BA7034282C2B7000F5C473 /* FavoriteViewModel.swift in Sources */ = {isa = PBXBuildFile; fileRef = B8BA7033282C2B7000F5C473 /* FavoriteViewModel.swift */; };
		B8BA7036282C2B7D00F5C473 /* FavoriteViewController.swift in Sources */ = {isa = PBXBuildFile; fileRef = B8BA7035282C2B7D00F5C473 /* FavoriteViewController.swift */; };
		B8BA7038282C2BA200F5C473 /* AccountViewController.swift in Sources */ = {isa = PBXBuildFile; fileRef = B8BA7037282C2BA200F5C473 /* AccountViewController.swift */; };
		B8BA703A282C2BB600F5C473 /* AccountViewModel.swift in Sources */ = {isa = PBXBuildFile; fileRef = B8BA7039282C2BB600F5C473 /* AccountViewModel.swift */; };
		B8BA703D282C3F6F00F5C473 /* NetworkManager.swift in Sources */ = {isa = PBXBuildFile; fileRef = B8BA703C282C3F6F00F5C473 /* NetworkManager.swift */; };
		B8BA703F282C3F9000F5C473 /* NetworkResponse.swift in Sources */ = {isa = PBXBuildFile; fileRef = B8BA703E282C3F9000F5C473 /* NetworkResponse.swift */; };
		BCB4B740283BDDC9002B82EE /* TabBarController.swift in Sources */ = {isa = PBXBuildFile; fileRef = BCB4B73F283BDDC9002B82EE /* TabBarController.swift */; };
		BCB4B742283BDEF9002B82EE /* TabBarView.swift in Sources */ = {isa = PBXBuildFile; fileRef = BCB4B741283BDEF9002B82EE /* TabBarView.swift */; };
		BCB4B744283BE113002B82EE /* TabBarCell.swift in Sources */ = {isa = PBXBuildFile; fileRef = BCB4B743283BE113002B82EE /* TabBarCell.swift */; };
		BCB4B746283BE1FD002B82EE /* TabBar.swift in Sources */ = {isa = PBXBuildFile; fileRef = BCB4B745283BE1FD002B82EE /* TabBar.swift */; };
/* End PBXBuildFile section */

/* Begin PBXContainerItemProxy section */
		B8BA700D282C1EBA00F5C473 /* PBXContainerItemProxy */ = {
			isa = PBXContainerItemProxy;
			containerPortal = B8BA6FEE282C1EB900F5C473 /* Project object */;
			proxyType = 1;
			remoteGlobalIDString = B8BA6FF5282C1EB900F5C473;
			remoteInfo = MyHotels;
		};
		B8BA7017282C1EBA00F5C473 /* PBXContainerItemProxy */ = {
			isa = PBXContainerItemProxy;
			containerPortal = B8BA6FEE282C1EB900F5C473 /* Project object */;
			proxyType = 1;
			remoteGlobalIDString = B8BA6FF5282C1EB900F5C473;
			remoteInfo = MyHotels;
		};
/* End PBXContainerItemProxy section */

/* Begin PBXFileReference section */
		B8BA6FF6282C1EB900F5C473 /* MyHotels.app */ = {isa = PBXFileReference; explicitFileType = wrapper.application; includeInIndex = 0; path = MyHotels.app; sourceTree = BUILT_PRODUCTS_DIR; };
		B8BA6FF9282C1EB900F5C473 /* AppDelegate.swift */ = {isa = PBXFileReference; lastKnownFileType = sourcecode.swift; path = AppDelegate.swift; sourceTree = "<group>"; };
		B8BA6FFB282C1EB900F5C473 /* SceneDelegate.swift */ = {isa = PBXFileReference; lastKnownFileType = sourcecode.swift; path = SceneDelegate.swift; sourceTree = "<group>"; };
		B8BA6FFD282C1EB900F5C473 /* HomeViewController.swift */ = {isa = PBXFileReference; lastKnownFileType = sourcecode.swift; path = HomeViewController.swift; sourceTree = "<group>"; };
		B8BA7000282C1EB900F5C473 /* Base */ = {isa = PBXFileReference; lastKnownFileType = file.storyboard; name = Base; path = Base.lproj/Main.storyboard; sourceTree = "<group>"; };
		B8BA7002282C1EBA00F5C473 /* Assets.xcassets */ = {isa = PBXFileReference; lastKnownFileType = folder.assetcatalog; path = Assets.xcassets; sourceTree = "<group>"; };
		B8BA7005282C1EBA00F5C473 /* Base */ = {isa = PBXFileReference; lastKnownFileType = file.storyboard; name = Base; path = Base.lproj/LaunchScreen.storyboard; sourceTree = "<group>"; };
		B8BA7007282C1EBA00F5C473 /* Info.plist */ = {isa = PBXFileReference; lastKnownFileType = text.plist.xml; path = Info.plist; sourceTree = "<group>"; };
		B8BA700C282C1EBA00F5C473 /* MyHotelsTests.xctest */ = {isa = PBXFileReference; explicitFileType = wrapper.cfbundle; includeInIndex = 0; path = MyHotelsTests.xctest; sourceTree = BUILT_PRODUCTS_DIR; };
		B8BA7010282C1EBA00F5C473 /* MyHotelsTests.swift */ = {isa = PBXFileReference; lastKnownFileType = sourcecode.swift; path = MyHotelsTests.swift; sourceTree = "<group>"; };
		B8BA7016282C1EBA00F5C473 /* MyHotelsUITests.xctest */ = {isa = PBXFileReference; explicitFileType = wrapper.cfbundle; includeInIndex = 0; path = MyHotelsUITests.xctest; sourceTree = BUILT_PRODUCTS_DIR; };
		B8BA701A282C1EBA00F5C473 /* MyHotelsUITests.swift */ = {isa = PBXFileReference; lastKnownFileType = sourcecode.swift; path = MyHotelsUITests.swift; sourceTree = "<group>"; };
		B8BA701C282C1EBA00F5C473 /* MyHotelsUITestsLaunchTests.swift */ = {isa = PBXFileReference; lastKnownFileType = sourcecode.swift; path = MyHotelsUITestsLaunchTests.swift; sourceTree = "<group>"; };
		B8BA702D282C2AD600F5C473 /* HomeViewModel.swift */ = {isa = PBXFileReference; lastKnownFileType = sourcecode.swift; path = HomeViewModel.swift; sourceTree = "<group>"; };
		B8BA702F282C2AF900F5C473 /* MapViewController.swift */ = {isa = PBXFileReference; lastKnownFileType = sourcecode.swift; path = MapViewController.swift; sourceTree = "<group>"; };
		B8BA7031282C2B5700F5C473 /* MapViewModel.swift */ = {isa = PBXFileReference; lastKnownFileType = sourcecode.swift; path = MapViewModel.swift; sourceTree = "<group>"; };
		B8BA7033282C2B7000F5C473 /* FavoriteViewModel.swift */ = {isa = PBXFileReference; lastKnownFileType = sourcecode.swift; path = FavoriteViewModel.swift; sourceTree = "<group>"; };
		B8BA7035282C2B7D00F5C473 /* FavoriteViewController.swift */ = {isa = PBXFileReference; lastKnownFileType = sourcecode.swift; path = FavoriteViewController.swift; sourceTree = "<group>"; };
		B8BA7037282C2BA200F5C473 /* AccountViewController.swift */ = {isa = PBXFileReference; lastKnownFileType = sourcecode.swift; path = AccountViewController.swift; sourceTree = "<group>"; };
		B8BA7039282C2BB600F5C473 /* AccountViewModel.swift */ = {isa = PBXFileReference; lastKnownFileType = sourcecode.swift; path = AccountViewModel.swift; sourceTree = "<group>"; };
		B8BA703C282C3F6F00F5C473 /* NetworkManager.swift */ = {isa = PBXFileReference; lastKnownFileType = sourcecode.swift; path = NetworkManager.swift; sourceTree = "<group>"; };
		B8BA703E282C3F9000F5C473 /* NetworkResponse.swift */ = {isa = PBXFileReference; lastKnownFileType = sourcecode.swift; path = NetworkResponse.swift; sourceTree = "<group>"; };
		BCB4B73F283BDDC9002B82EE /* TabBarController.swift */ = {isa = PBXFileReference; lastKnownFileType = sourcecode.swift; path = TabBarController.swift; sourceTree = "<group>"; };
		BCB4B741283BDEF9002B82EE /* TabBarView.swift */ = {isa = PBXFileReference; lastKnownFileType = sourcecode.swift; path = TabBarView.swift; sourceTree = "<group>"; };
		BCB4B743283BE113002B82EE /* TabBarCell.swift */ = {isa = PBXFileReference; lastKnownFileType = sourcecode.swift; path = TabBarCell.swift; sourceTree = "<group>"; };
		BCB4B745283BE1FD002B82EE /* TabBar.swift */ = {isa = PBXFileReference; lastKnownFileType = sourcecode.swift; path = TabBar.swift; sourceTree = "<group>"; };
/* End PBXFileReference section */

/* Begin PBXFrameworksBuildPhase section */
		B8BA6FF3282C1EB900F5C473 /* Frameworks */ = {
			isa = PBXFrameworksBuildPhase;
			buildActionMask = 2147483647;
			files = (
			);
			runOnlyForDeploymentPostprocessing = 0;
		};
		B8BA7009282C1EBA00F5C473 /* Frameworks */ = {
			isa = PBXFrameworksBuildPhase;
			buildActionMask = 2147483647;
			files = (
			);
			runOnlyForDeploymentPostprocessing = 0;
		};
		B8BA7013282C1EBA00F5C473 /* Frameworks */ = {
			isa = PBXFrameworksBuildPhase;
			buildActionMask = 2147483647;
			files = (
			);
			runOnlyForDeploymentPostprocessing = 0;
		};
/* End PBXFrameworksBuildPhase section */

/* Begin PBXGroup section */
		B8BA6FED282C1EB900F5C473 = {
			isa = PBXGroup;
			children = (
				BCB4B73E283BDD34002B82EE /* TabBar */,
				B8BA6FF8282C1EB900F5C473 /* MyHotels */,
				B8BA700F282C1EBA00F5C473 /* MyHotelsTests */,
				B8BA7019282C1EBA00F5C473 /* MyHotelsUITests */,
				B8BA6FF7282C1EB900F5C473 /* Products */,
			);
			sourceTree = "<group>";
		};
		B8BA6FF7282C1EB900F5C473 /* Products */ = {
			isa = PBXGroup;
			children = (
				B8BA6FF6282C1EB900F5C473 /* MyHotels.app */,
				B8BA700C282C1EBA00F5C473 /* MyHotelsTests.xctest */,
				B8BA7016282C1EBA00F5C473 /* MyHotelsUITests.xctest */,
			);
			name = Products;
			sourceTree = "<group>";
		};
		B8BA6FF8282C1EB900F5C473 /* MyHotels */ = {
			isa = PBXGroup;
			children = (
				B8BA6FF9282C1EB900F5C473 /* AppDelegate.swift */,
				B8BA6FFB282C1EB900F5C473 /* SceneDelegate.swift */,
				B8BA703B282C30DC00F5C473 /* NetworkManager */,
				B8BA7029282C29BF00F5C473 /* Home */,
				B8BA702A282C29E500F5C473 /* Map */,
				B8BA702B282C2A0900F5C473 /* Favorite */,
				B8BA702C282C2A1400F5C473 /* Account */,
				B8BA6FFF282C1EB900F5C473 /* Main.storyboard */,
				B8BA7002282C1EBA00F5C473 /* Assets.xcassets */,
				B8BA7004282C1EBA00F5C473 /* LaunchScreen.storyboard */,
				B8BA7007282C1EBA00F5C473 /* Info.plist */,
			);
			path = MyHotels;
			sourceTree = "<group>";
		};
		B8BA700F282C1EBA00F5C473 /* MyHotelsTests */ = {
			isa = PBXGroup;
			children = (
				B8BA7010282C1EBA00F5C473 /* MyHotelsTests.swift */,
			);
			path = MyHotelsTests;
			sourceTree = "<group>";
		};
		B8BA7019282C1EBA00F5C473 /* MyHotelsUITests */ = {
			isa = PBXGroup;
			children = (
				B8BA701A282C1EBA00F5C473 /* MyHotelsUITests.swift */,
				B8BA701C282C1EBA00F5C473 /* MyHotelsUITestsLaunchTests.swift */,
			);
			path = MyHotelsUITests;
			sourceTree = "<group>";
		};
		B8BA7029282C29BF00F5C473 /* Home */ = {
			isa = PBXGroup;
			children = (
				B8BA6FFD282C1EB900F5C473 /* HomeViewController.swift */,
				B8BA702D282C2AD600F5C473 /* HomeViewModel.swift */,
			);
			path = Home;
			sourceTree = "<group>";
		};
		B8BA702A282C29E500F5C473 /* Map */ = {
			isa = PBXGroup;
			children = (
				B8BA702F282C2AF900F5C473 /* MapViewController.swift */,
				B8BA7031282C2B5700F5C473 /* MapViewModel.swift */,
			);
			path = Map;
			sourceTree = "<group>";
		};
		B8BA702B282C2A0900F5C473 /* Favorite */ = {
			isa = PBXGroup;
			children = (
				B8BA7035282C2B7D00F5C473 /* FavoriteViewController.swift */,
				B8BA7033282C2B7000F5C473 /* FavoriteViewModel.swift */,
			);
			path = Favorite;
			sourceTree = "<group>";
		};
		B8BA702C282C2A1400F5C473 /* Account */ = {
			isa = PBXGroup;
			children = (
				B8BA7037282C2BA200F5C473 /* AccountViewController.swift */,
				B8BA7039282C2BB600F5C473 /* AccountViewModel.swift */,
			);
			path = Account;
			sourceTree = "<group>";
		};
		B8BA703B282C30DC00F5C473 /* NetworkManager */ = {
			isa = PBXGroup;
			children = (
				B8BA703C282C3F6F00F5C473 /* NetworkManager.swift */,
				B8BA703E282C3F9000F5C473 /* NetworkResponse.swift */,
			);
			path = NetworkManager;
			sourceTree = "<group>";
		};
		BCB4B73E283BDD34002B82EE /* TabBar */ = {
			isa = PBXGroup;
			children = (
				BCB4B73F283BDDC9002B82EE /* TabBarController.swift */,
				BCB4B741283BDEF9002B82EE /* TabBarView.swift */,
				BCB4B743283BE113002B82EE /* TabBarCell.swift */,
				BCB4B745283BE1FD002B82EE /* TabBar.swift */,
			);
			path = TabBar;
			sourceTree = "<group>";
		};
/* End PBXGroup section */

/* Begin PBXNativeTarget section */
		B8BA6FF5282C1EB900F5C473 /* MyHotels */ = {
			isa = PBXNativeTarget;
			buildConfigurationList = B8BA7020282C1EBA00F5C473 /* Build configuration list for PBXNativeTarget "MyHotels" */;
			buildPhases = (
				B8BA6FF2282C1EB900F5C473 /* Sources */,
				B8BA6FF3282C1EB900F5C473 /* Frameworks */,
				B8BA6FF4282C1EB900F5C473 /* Resources */,
			);
			buildRules = (
			);
			dependencies = (
			);
			name = MyHotels;
			productName = MyHotels;
			productReference = B8BA6FF6282C1EB900F5C473 /* MyHotels.app */;
			productType = "com.apple.product-type.application";
		};
		B8BA700B282C1EBA00F5C473 /* MyHotelsTests */ = {
			isa = PBXNativeTarget;
			buildConfigurationList = B8BA7023282C1EBA00F5C473 /* Build configuration list for PBXNativeTarget "MyHotelsTests" */;
			buildPhases = (
				B8BA7008282C1EBA00F5C473 /* Sources */,
				B8BA7009282C1EBA00F5C473 /* Frameworks */,
				B8BA700A282C1EBA00F5C473 /* Resources */,
			);
			buildRules = (
			);
			dependencies = (
				B8BA700E282C1EBA00F5C473 /* PBXTargetDependency */,
			);
			name = MyHotelsTests;
			productName = MyHotelsTests;
			productReference = B8BA700C282C1EBA00F5C473 /* MyHotelsTests.xctest */;
			productType = "com.apple.product-type.bundle.unit-test";
		};
		B8BA7015282C1EBA00F5C473 /* MyHotelsUITests */ = {
			isa = PBXNativeTarget;
			buildConfigurationList = B8BA7026282C1EBA00F5C473 /* Build configuration list for PBXNativeTarget "MyHotelsUITests" */;
			buildPhases = (
				B8BA7012282C1EBA00F5C473 /* Sources */,
				B8BA7013282C1EBA00F5C473 /* Frameworks */,
				B8BA7014282C1EBA00F5C473 /* Resources */,
			);
			buildRules = (
			);
			dependencies = (
				B8BA7018282C1EBA00F5C473 /* PBXTargetDependency */,
			);
			name = MyHotelsUITests;
			productName = MyHotelsUITests;
			productReference = B8BA7016282C1EBA00F5C473 /* MyHotelsUITests.xctest */;
			productType = "com.apple.product-type.bundle.ui-testing";
		};
/* End PBXNativeTarget section */

/* Begin PBXProject section */
		B8BA6FEE282C1EB900F5C473 /* Project object */ = {
			isa = PBXProject;
			attributes = {
				BuildIndependentTargetsInParallel = 1;
				LastSwiftUpdateCheck = 1330;
				LastUpgradeCheck = 1330;
				TargetAttributes = {
					B8BA6FF5282C1EB900F5C473 = {
						CreatedOnToolsVersion = 13.3.1;
					};
					B8BA700B282C1EBA00F5C473 = {
						CreatedOnToolsVersion = 13.3.1;
						TestTargetID = B8BA6FF5282C1EB900F5C473;
					};
					B8BA7015282C1EBA00F5C473 = {
						CreatedOnToolsVersion = 13.3.1;
						TestTargetID = B8BA6FF5282C1EB900F5C473;
					};
				};
			};
			buildConfigurationList = B8BA6FF1282C1EB900F5C473 /* Build configuration list for PBXProject "MyHotels" */;
			compatibilityVersion = "Xcode 13.0";
			developmentRegion = en;
			hasScannedForEncodings = 0;
			knownRegions = (
				en,
				Base,
			);
			mainGroup = B8BA6FED282C1EB900F5C473;
			productRefGroup = B8BA6FF7282C1EB900F5C473 /* Products */;
			projectDirPath = "";
			projectRoot = "";
			targets = (
				B8BA6FF5282C1EB900F5C473 /* MyHotels */,
				B8BA700B282C1EBA00F5C473 /* MyHotelsTests */,
				B8BA7015282C1EBA00F5C473 /* MyHotelsUITests */,
			);
		};
/* End PBXProject section */

/* Begin PBXResourcesBuildPhase section */
		B8BA6FF4282C1EB900F5C473 /* Resources */ = {
			isa = PBXResourcesBuildPhase;
			buildActionMask = 2147483647;
			files = (
				B8BA7006282C1EBA00F5C473 /* LaunchScreen.storyboard in Resources */,
				B8BA7003282C1EBA00F5C473 /* Assets.xcassets in Resources */,
				B8BA7001282C1EB900F5C473 /* Main.storyboard in Resources */,
			);
			runOnlyForDeploymentPostprocessing = 0;
		};
		B8BA700A282C1EBA00F5C473 /* Resources */ = {
			isa = PBXResourcesBuildPhase;
			buildActionMask = 2147483647;
			files = (
			);
			runOnlyForDeploymentPostprocessing = 0;
		};
		B8BA7014282C1EBA00F5C473 /* Resources */ = {
			isa = PBXResourcesBuildPhase;
			buildActionMask = 2147483647;
			files = (
			);
			runOnlyForDeploymentPostprocessing = 0;
		};
/* End PBXResourcesBuildPhase section */

/* Begin PBXSourcesBuildPhase section */
		B8BA6FF2282C1EB900F5C473 /* Sources */ = {
			isa = PBXSourcesBuildPhase;
			buildActionMask = 2147483647;
			files = (
				B8BA6FFE282C1EB900F5C473 /* HomeViewController.swift in Sources */,
				BCB4B740283BDDC9002B82EE /* TabBarController.swift in Sources */,
				BCB4B742283BDEF9002B82EE /* TabBarView.swift in Sources */,
				BCB4B746283BE1FD002B82EE /* TabBar.swift in Sources */,
				B8BA6FFA282C1EB900F5C473 /* AppDelegate.swift in Sources */,
				BCB4B744283BE113002B82EE /* TabBarCell.swift in Sources */,
				B8BA6FFC282C1EB900F5C473 /* SceneDelegate.swift in Sources */,
				B8BA7030282C2AF900F5C473 /* MapViewController.swift in Sources */,
				B8BA703D282C3F6F00F5C473 /* NetworkManager.swift in Sources */,
				B8BA703F282C3F9000F5C473 /* NetworkResponse.swift in Sources */,
				B8BA702E282C2AD600F5C473 /* HomeViewModel.swift in Sources */,
				B8BA7032282C2B5700F5C473 /* MapViewModel.swift in Sources */,
				B8BA703A282C2BB600F5C473 /* AccountViewModel.swift in Sources */,
				B8BA7036282C2B7D00F5C473 /* FavoriteViewController.swift in Sources */,
				B8BA7034282C2B7000F5C473 /* FavoriteViewModel.swift in Sources */,
				B8BA7038282C2BA200F5C473 /* AccountViewController.swift in Sources */,
			);
			runOnlyForDeploymentPostprocessing = 0;
		};
		B8BA7008282C1EBA00F5C473 /* Sources */ = {
			isa = PBXSourcesBuildPhase;
			buildActionMask = 2147483647;
			files = (
				B8BA7011282C1EBA00F5C473 /* MyHotelsTests.swift in Sources */,
			);
			runOnlyForDeploymentPostprocessing = 0;
		};
		B8BA7012282C1EBA00F5C473 /* Sources */ = {
			isa = PBXSourcesBuildPhase;
			buildActionMask = 2147483647;
			files = (
				B8BA701D282C1EBA00F5C473 /* MyHotelsUITestsLaunchTests.swift in Sources */,
				B8BA701B282C1EBA00F5C473 /* MyHotelsUITests.swift in Sources */,
			);
			runOnlyForDeploymentPostprocessing = 0;
		};
/* End PBXSourcesBuildPhase section */

/* Begin PBXTargetDependency section */
		B8BA700E282C1EBA00F5C473 /* PBXTargetDependency */ = {
			isa = PBXTargetDependency;
			target = B8BA6FF5282C1EB900F5C473 /* MyHotels */;
			targetProxy = B8BA700D282C1EBA00F5C473 /* PBXContainerItemProxy */;
		};
		B8BA7018282C1EBA00F5C473 /* PBXTargetDependency */ = {
			isa = PBXTargetDependency;
			target = B8BA6FF5282C1EB900F5C473 /* MyHotels */;
			targetProxy = B8BA7017282C1EBA00F5C473 /* PBXContainerItemProxy */;
		};
/* End PBXTargetDependency section */

/* Begin PBXVariantGroup section */
		B8BA6FFF282C1EB900F5C473 /* Main.storyboard */ = {
			isa = PBXVariantGroup;
			children = (
				B8BA7000282C1EB900F5C473 /* Base */,
			);
			name = Main.storyboard;
			sourceTree = "<group>";
		};
		B8BA7004282C1EBA00F5C473 /* LaunchScreen.storyboard */ = {
			isa = PBXVariantGroup;
			children = (
				B8BA7005282C1EBA00F5C473 /* Base */,
			);
			name = LaunchScreen.storyboard;
			sourceTree = "<group>";
		};
/* End PBXVariantGroup section */

/* Begin XCBuildConfiguration section */
		B8BA701E282C1EBA00F5C473 /* Debug */ = {
			isa = XCBuildConfiguration;
			buildSettings = {
				ALWAYS_SEARCH_USER_PATHS = NO;
				CLANG_ANALYZER_NONNULL = YES;
				CLANG_ANALYZER_NUMBER_OBJECT_CONVERSION = YES_AGGRESSIVE;
				CLANG_CXX_LANGUAGE_STANDARD = "gnu++17";
				CLANG_ENABLE_MODULES = YES;
				CLANG_ENABLE_OBJC_ARC = YES;
				CLANG_ENABLE_OBJC_WEAK = YES;
				CLANG_WARN_BLOCK_CAPTURE_AUTORELEASING = YES;
				CLANG_WARN_BOOL_CONVERSION = YES;
				CLANG_WARN_COMMA = YES;
				CLANG_WARN_CONSTANT_CONVERSION = YES;
				CLANG_WARN_DEPRECATED_OBJC_IMPLEMENTATIONS = YES;
				CLANG_WARN_DIRECT_OBJC_ISA_USAGE = YES_ERROR;
				CLANG_WARN_DOCUMENTATION_COMMENTS = YES;
				CLANG_WARN_EMPTY_BODY = YES;
				CLANG_WARN_ENUM_CONVERSION = YES;
				CLANG_WARN_INFINITE_RECURSION = YES;
				CLANG_WARN_INT_CONVERSION = YES;
				CLANG_WARN_NON_LITERAL_NULL_CONVERSION = YES;
				CLANG_WARN_OBJC_IMPLICIT_RETAIN_SELF = YES;
				CLANG_WARN_OBJC_LITERAL_CONVERSION = YES;
				CLANG_WARN_OBJC_ROOT_CLASS = YES_ERROR;
				CLANG_WARN_QUOTED_INCLUDE_IN_FRAMEWORK_HEADER = YES;
				CLANG_WARN_RANGE_LOOP_ANALYSIS = YES;
				CLANG_WARN_STRICT_PROTOTYPES = YES;
				CLANG_WARN_SUSPICIOUS_MOVE = YES;
				CLANG_WARN_UNGUARDED_AVAILABILITY = YES_AGGRESSIVE;
				CLANG_WARN_UNREACHABLE_CODE = YES;
				CLANG_WARN__DUPLICATE_METHOD_MATCH = YES;
				COPY_PHASE_STRIP = NO;
				DEBUG_INFORMATION_FORMAT = dwarf;
				ENABLE_STRICT_OBJC_MSGSEND = YES;
				ENABLE_TESTABILITY = YES;
				GCC_C_LANGUAGE_STANDARD = gnu11;
				GCC_DYNAMIC_NO_PIC = NO;
				GCC_NO_COMMON_BLOCKS = YES;
				GCC_OPTIMIZATION_LEVEL = 0;
				GCC_PREPROCESSOR_DEFINITIONS = (
					"DEBUG=1",
					"$(inherited)",
				);
				GCC_WARN_64_TO_32_BIT_CONVERSION = YES;
				GCC_WARN_ABOUT_RETURN_TYPE = YES_ERROR;
				GCC_WARN_UNDECLARED_SELECTOR = YES;
				GCC_WARN_UNINITIALIZED_AUTOS = YES_AGGRESSIVE;
				GCC_WARN_UNUSED_FUNCTION = YES;
				GCC_WARN_UNUSED_VARIABLE = YES;
				IPHONEOS_DEPLOYMENT_TARGET = 14.0;
				MTL_ENABLE_DEBUG_INFO = INCLUDE_SOURCE;
				MTL_FAST_MATH = YES;
				ONLY_ACTIVE_ARCH = YES;
				SDKROOT = iphoneos;
				SWIFT_ACTIVE_COMPILATION_CONDITIONS = DEBUG;
				SWIFT_OPTIMIZATION_LEVEL = "-Onone";
			};
			name = Debug;
		};
		B8BA701F282C1EBA00F5C473 /* Release */ = {
			isa = XCBuildConfiguration;
			buildSettings = {
				ALWAYS_SEARCH_USER_PATHS = NO;
				CLANG_ANALYZER_NONNULL = YES;
				CLANG_ANALYZER_NUMBER_OBJECT_CONVERSION = YES_AGGRESSIVE;
				CLANG_CXX_LANGUAGE_STANDARD = "gnu++17";
				CLANG_ENABLE_MODULES = YES;
				CLANG_ENABLE_OBJC_ARC = YES;
				CLANG_ENABLE_OBJC_WEAK = YES;
				CLANG_WARN_BLOCK_CAPTURE_AUTORELEASING = YES;
				CLANG_WARN_BOOL_CONVERSION = YES;
				CLANG_WARN_COMMA = YES;
				CLANG_WARN_CONSTANT_CONVERSION = YES;
				CLANG_WARN_DEPRECATED_OBJC_IMPLEMENTATIONS = YES;
				CLANG_WARN_DIRECT_OBJC_ISA_USAGE = YES_ERROR;
				CLANG_WARN_DOCUMENTATION_COMMENTS = YES;
				CLANG_WARN_EMPTY_BODY = YES;
				CLANG_WARN_ENUM_CONVERSION = YES;
				CLANG_WARN_INFINITE_RECURSION = YES;
				CLANG_WARN_INT_CONVERSION = YES;
				CLANG_WARN_NON_LITERAL_NULL_CONVERSION = YES;
				CLANG_WARN_OBJC_IMPLICIT_RETAIN_SELF = YES;
				CLANG_WARN_OBJC_LITERAL_CONVERSION = YES;
				CLANG_WARN_OBJC_ROOT_CLASS = YES_ERROR;
				CLANG_WARN_QUOTED_INCLUDE_IN_FRAMEWORK_HEADER = YES;
				CLANG_WARN_RANGE_LOOP_ANALYSIS = YES;
				CLANG_WARN_STRICT_PROTOTYPES = YES;
				CLANG_WARN_SUSPICIOUS_MOVE = YES;
				CLANG_WARN_UNGUARDED_AVAILABILITY = YES_AGGRESSIVE;
				CLANG_WARN_UNREACHABLE_CODE = YES;
				CLANG_WARN__DUPLICATE_METHOD_MATCH = YES;
				COPY_PHASE_STRIP = NO;
				DEBUG_INFORMATION_FORMAT = "dwarf-with-dsym";
				ENABLE_NS_ASSERTIONS = NO;
				ENABLE_STRICT_OBJC_MSGSEND = YES;
				GCC_C_LANGUAGE_STANDARD = gnu11;
				GCC_NO_COMMON_BLOCKS = YES;
				GCC_WARN_64_TO_32_BIT_CONVERSION = YES;
				GCC_WARN_ABOUT_RETURN_TYPE = YES_ERROR;
				GCC_WARN_UNDECLARED_SELECTOR = YES;
				GCC_WARN_UNINITIALIZED_AUTOS = YES_AGGRESSIVE;
				GCC_WARN_UNUSED_FUNCTION = YES;
				GCC_WARN_UNUSED_VARIABLE = YES;
				IPHONEOS_DEPLOYMENT_TARGET = 14.0;
				MTL_ENABLE_DEBUG_INFO = NO;
				MTL_FAST_MATH = YES;
				SDKROOT = iphoneos;
				SWIFT_COMPILATION_MODE = wholemodule;
				SWIFT_OPTIMIZATION_LEVEL = "-O";
				VALIDATE_PRODUCT = YES;
			};
			name = Release;
		};
		B8BA7021282C1EBA00F5C473 /* Debug */ = {
			isa = XCBuildConfiguration;
			buildSettings = {
				ASSETCATALOG_COMPILER_APPICON_NAME = AppIcon;
				ASSETCATALOG_COMPILER_GLOBAL_ACCENT_COLOR_NAME = AccentColor;
				CODE_SIGN_STYLE = Automatic;
				CURRENT_PROJECT_VERSION = 1;
				DEVELOPMENT_TEAM = 5998BU97D3;
				GENERATE_INFOPLIST_FILE = YES;
				INFOPLIST_FILE = MyHotels/Info.plist;
				INFOPLIST_KEY_UIApplicationSupportsIndirectInputEvents = YES;
				INFOPLIST_KEY_UILaunchStoryboardName = LaunchScreen;
				INFOPLIST_KEY_UIMainStoryboardFile = Main;
				INFOPLIST_KEY_UISupportedInterfaceOrientations_iPad = "UIInterfaceOrientationPortrait UIInterfaceOrientationPortraitUpsideDown UIInterfaceOrientationLandscapeLeft UIInterfaceOrientationLandscapeRight";
				INFOPLIST_KEY_UISupportedInterfaceOrientations_iPhone = "UIInterfaceOrientationPortrait UIInterfaceOrientationLandscapeLeft UIInterfaceOrientationLandscapeRight";
				LD_RUNPATH_SEARCH_PATHS = (
					"$(inherited)",
					"@executable_path/Frameworks",
				);
				MARKETING_VERSION = 1.0;
				PRODUCT_BUNDLE_IDENTIFIER = artemiykutasevich.MyHotels;
				PRODUCT_NAME = "$(TARGET_NAME)";
				SWIFT_EMIT_LOC_STRINGS = YES;
				SWIFT_VERSION = 5.0;
				TARGETED_DEVICE_FAMILY = "1,2";
			};
			name = Debug;
		};
		B8BA7022282C1EBA00F5C473 /* Release */ = {
			isa = XCBuildConfiguration;
			buildSettings = {
				ASSETCATALOG_COMPILER_APPICON_NAME = AppIcon;
				ASSETCATALOG_COMPILER_GLOBAL_ACCENT_COLOR_NAME = AccentColor;
				CODE_SIGN_STYLE = Automatic;
				CURRENT_PROJECT_VERSION = 1;
				DEVELOPMENT_TEAM = 5998BU97D3;
				GENERATE_INFOPLIST_FILE = YES;
				INFOPLIST_FILE = MyHotels/Info.plist;
				INFOPLIST_KEY_UIApplicationSupportsIndirectInputEvents = YES;
				INFOPLIST_KEY_UILaunchStoryboardName = LaunchScreen;
				INFOPLIST_KEY_UIMainStoryboardFile = Main;
				INFOPLIST_KEY_UISupportedInterfaceOrientations_iPad = "UIInterfaceOrientationPortrait UIInterfaceOrientationPortraitUpsideDown UIInterfaceOrientationLandscapeLeft UIInterfaceOrientationLandscapeRight";
				INFOPLIST_KEY_UISupportedInterfaceOrientations_iPhone = "UIInterfaceOrientationPortrait UIInterfaceOrientationLandscapeLeft UIInterfaceOrientationLandscapeRight";
				LD_RUNPATH_SEARCH_PATHS = (
					"$(inherited)",
					"@executable_path/Frameworks",
				);
				MARKETING_VERSION = 1.0;
				PRODUCT_BUNDLE_IDENTIFIER = artemiykutasevich.MyHotels;
				PRODUCT_NAME = "$(TARGET_NAME)";
				SWIFT_EMIT_LOC_STRINGS = YES;
				SWIFT_VERSION = 5.0;
				TARGETED_DEVICE_FAMILY = "1,2";
			};
			name = Release;
		};
		B8BA7024282C1EBA00F5C473 /* Debug */ = {
			isa = XCBuildConfiguration;
			buildSettings = {
				ALWAYS_EMBED_SWIFT_STANDARD_LIBRARIES = YES;
				BUNDLE_LOADER = "$(TEST_HOST)";
				CODE_SIGN_STYLE = Automatic;
				CURRENT_PROJECT_VERSION = 1;
				DEVELOPMENT_TEAM = 5998BU97D3;
				GENERATE_INFOPLIST_FILE = YES;
				IPHONEOS_DEPLOYMENT_TARGET = 15.4;
				MARKETING_VERSION = 1.0;
				PRODUCT_BUNDLE_IDENTIFIER = artemiykutasevich.MyHotelsTests;
				PRODUCT_NAME = "$(TARGET_NAME)";
				SWIFT_EMIT_LOC_STRINGS = NO;
				SWIFT_VERSION = 5.0;
				TARGETED_DEVICE_FAMILY = "1,2";
				TEST_HOST = "$(BUILT_PRODUCTS_DIR)/MyHotels.app/MyHotels";
			};
			name = Debug;
		};
		B8BA7025282C1EBA00F5C473 /* Release */ = {
			isa = XCBuildConfiguration;
			buildSettings = {
				ALWAYS_EMBED_SWIFT_STANDARD_LIBRARIES = YES;
				BUNDLE_LOADER = "$(TEST_HOST)";
				CODE_SIGN_STYLE = Automatic;
				CURRENT_PROJECT_VERSION = 1;
				DEVELOPMENT_TEAM = 5998BU97D3;
				GENERATE_INFOPLIST_FILE = YES;
				IPHONEOS_DEPLOYMENT_TARGET = 15.4;
				MARKETING_VERSION = 1.0;
				PRODUCT_BUNDLE_IDENTIFIER = artemiykutasevich.MyHotelsTests;
				PRODUCT_NAME = "$(TARGET_NAME)";
				SWIFT_EMIT_LOC_STRINGS = NO;
				SWIFT_VERSION = 5.0;
				TARGETED_DEVICE_FAMILY = "1,2";
				TEST_HOST = "$(BUILT_PRODUCTS_DIR)/MyHotels.app/MyHotels";
			};
			name = Release;
		};
		B8BA7027282C1EBA00F5C473 /* Debug */ = {
			isa = XCBuildConfiguration;
			buildSettings = {
				ALWAYS_EMBED_SWIFT_STANDARD_LIBRARIES = YES;
				CODE_SIGN_STYLE = Automatic;
				CURRENT_PROJECT_VERSION = 1;
				DEVELOPMENT_TEAM = 5998BU97D3;
				GENERATE_INFOPLIST_FILE = YES;
				MARKETING_VERSION = 1.0;
				PRODUCT_BUNDLE_IDENTIFIER = artemiykutasevich.MyHotelsUITests;
				PRODUCT_NAME = "$(TARGET_NAME)";
				SWIFT_EMIT_LOC_STRINGS = NO;
				SWIFT_VERSION = 5.0;
				TARGETED_DEVICE_FAMILY = "1,2";
				TEST_TARGET_NAME = MyHotels;
			};
			name = Debug;
		};
		B8BA7028282C1EBA00F5C473 /* Release */ = {
			isa = XCBuildConfiguration;
			buildSettings = {
				ALWAYS_EMBED_SWIFT_STANDARD_LIBRARIES = YES;
				CODE_SIGN_STYLE = Automatic;
				CURRENT_PROJECT_VERSION = 1;
				DEVELOPMENT_TEAM = 5998BU97D3;
				GENERATE_INFOPLIST_FILE = YES;
				MARKETING_VERSION = 1.0;
				PRODUCT_BUNDLE_IDENTIFIER = artemiykutasevich.MyHotelsUITests;
				PRODUCT_NAME = "$(TARGET_NAME)";
				SWIFT_EMIT_LOC_STRINGS = NO;
				SWIFT_VERSION = 5.0;
				TARGETED_DEVICE_FAMILY = "1,2";
				TEST_TARGET_NAME = MyHotels;
			};
			name = Release;
		};
/* End XCBuildConfiguration section */

/* Begin XCConfigurationList section */
		B8BA6FF1282C1EB900F5C473 /* Build configuration list for PBXProject "MyHotels" */ = {
			isa = XCConfigurationList;
			buildConfigurations = (
				B8BA701E282C1EBA00F5C473 /* Debug */,
				B8BA701F282C1EBA00F5C473 /* Release */,
			);
			defaultConfigurationIsVisible = 0;
			defaultConfigurationName = Release;
		};
		B8BA7020282C1EBA00F5C473 /* Build configuration list for PBXNativeTarget "MyHotels" */ = {
			isa = XCConfigurationList;
			buildConfigurations = (
				B8BA7021282C1EBA00F5C473 /* Debug */,
				B8BA7022282C1EBA00F5C473 /* Release */,
			);
			defaultConfigurationIsVisible = 0;
			defaultConfigurationName = Release;
		};
		B8BA7023282C1EBA00F5C473 /* Build configuration list for PBXNativeTarget "MyHotelsTests" */ = {
			isa = XCConfigurationList;
			buildConfigurations = (
				B8BA7024282C1EBA00F5C473 /* Debug */,
				B8BA7025282C1EBA00F5C473 /* Release */,
			);
			defaultConfigurationIsVisible = 0;
			defaultConfigurationName = Release;
		};
		B8BA7026282C1EBA00F5C473 /* Build configuration list for PBXNativeTarget "MyHotelsUITests" */ = {
			isa = XCConfigurationList;
			buildConfigurations = (
				B8BA7027282C1EBA00F5C473 /* Debug */,
				B8BA7028282C1EBA00F5C473 /* Release */,
			);
			defaultConfigurationIsVisible = 0;
			defaultConfigurationName = Release;
		};
/* End XCConfigurationList section */
	};
	rootObject = B8BA6FEE282C1EB900F5C473 /* Project object */;
}
